
Microsoft Visual Studio Solution File, Format Version 12.00
# Visual Studio Version 17
VisualStudioVersion = 17.6.33829.357
MinimumVisualStudioVersion = 10.0.40219.1
Project("{FAE04EC0-301F-11D3-BF4B-00C04F79EFBC}") = "StockQuote", "StockQuote\StockQuote.csproj", "{A2298A63-DC68-4B1F-9FA9-90E3869745FB}"
EndProject
Global
	GlobalSection(SolutionConfigurationPlatforms) = preSolution
		Debug|Any CPU = Debug|Any CPU
		Release|Any CPU = Release|Any CPU
	EndGlobalSection
	GlobalSection(ProjectConfigurationPlatforms) = postSolution
		{A2298A63-DC68-4B1F-9FA9-90E3869745FB}.Debug|Any CPU.ActiveCfg = Debug|Any CPU
		{A2298A63-DC68-4B1F-9FA9-90E3869745FB}.Debug|Any CPU.Build.0 = Debug|Any CPU
		{A2298A63-DC68-4B1F-9FA9-90E3869745FB}.Release|Any CPU.ActiveCfg = Release|Any CPU
		{A2298A63-DC68-4B1F-9FA9-90E3869745FB}.Release|Any CPU.Build.0 = Release|Any CPU
	EndGlobalSection
	GlobalSection(SolutionProperties) = preSolution
		HideSolutionNode = FALSE
	EndGlobalSection
	GlobalSection(ExtensibilityGlobals) = postSolution
		SolutionGuid = {FCA13CEB-A011-4842-8285-4D0FCE63E527}
	EndGlobalSection
EndGlobal
